// !$*UTF8*$!
{
	archiveVersion = 1;
	classes = {
	};
	objectVersion = 50;
	objects = {

/* Begin PBXBuildFile section */
		CDC8A2EC25A1054F0075613B /* AppDelegate.swift in Sources */ = {isa = PBXBuildFile; fileRef = CDC8A2EB25A1054F0075613B /* AppDelegate.swift */; };
		CDC8A2EE25A1054F0075613B /* SceneDelegate.swift in Sources */ = {isa = PBXBuildFile; fileRef = CDC8A2ED25A1054F0075613B /* SceneDelegate.swift */; };
		CDC8A2F025A1054F0075613B /* ViewController.swift in Sources */ = {isa = PBXBuildFile; fileRef = CDC8A2EF25A1054F0075613B /* ViewController.swift */; };
		CDC8A2F325A1054F0075613B /* Main.storyboard in Resources */ = {isa = PBXBuildFile; fileRef = CDC8A2F125A1054F0075613B /* Main.storyboard */; };
		CDC8A2F525A105500075613B /* Assets.xcassets in Resources */ = {isa = PBXBuildFile; fileRef = CDC8A2F425A105500075613B /* Assets.xcassets */; };
		CDC8A2F825A105500075613B /* LaunchScreen.storyboard in Resources */ = {isa = PBXBuildFile; fileRef = CDC8A2F625A105500075613B /* LaunchScreen.storyboard */; };
		CDC8A30325A105510075613B /* PreWorkTests.swift in Sources */ = {isa = PBXBuildFile; fileRef = CDC8A30225A105510075613B /* PreWorkTests.swift */; };
		CDC8A30E25A105510075613B /* PreWorkUITests.swift in Sources */ = {isa = PBXBuildFile; fileRef = CDC8A30D25A105510075613B /* PreWorkUITests.swift */; };
/* End PBXBuildFile section */

/* Begin PBXContainerItemProxy section */
		CDC8A2FF25A105510075613B /* PBXContainerItemProxy */ = {
			isa = PBXContainerItemProxy;
			containerPortal = CDC8A2E025A1054F0075613B /* Project object */;
			proxyType = 1;
			remoteGlobalIDString = CDC8A2E725A1054F0075613B;
			remoteInfo = PreWork;
		};
		CDC8A30A25A105510075613B /* PBXContainerItemProxy */ = {
			isa = PBXContainerItemProxy;
			containerPortal = CDC8A2E025A1054F0075613B /* Project object */;
			proxyType = 1;
			remoteGlobalIDString = CDC8A2E725A1054F0075613B;
			remoteInfo = PreWork;
		};
/* End PBXContainerItemProxy section */

/* Begin PBXFileReference section */
		CDC8A2E825A1054F0075613B /* PreWork.app */ = {isa = PBXFileReference; explicitFileType = wrapper.application; includeInIndex = 0; path = PreWork.app; sourceTree = BUILT_PRODUCTS_DIR; };
		CDC8A2EB25A1054F0075613B /* AppDelegate.swift */ = {isa = PBXFileReference; lastKnownFileType = sourcecode.swift; path = AppDelegate.swift; sourceTree = "<group>"; };
		CDC8A2ED25A1054F0075613B /* SceneDelegate.swift */ = {isa = PBXFileReference; lastKnownFileType = sourcecode.swift; path = SceneDelegate.swift; sourceTree = "<group>"; };
		CDC8A2EF25A1054F0075613B /* ViewController.swift */ = {isa = PBXFileReference; lastKnownFileType = sourcecode.swift; path = ViewController.swift; sourceTree = "<group>"; };
		CDC8A2F225A1054F0075613B /* Base */ = {isa = PBXFileReference; lastKnownFileType = file.storyboard; name = Base; path = Base.lproj/Main.storyboard; sourceTree = "<group>"; };
		CDC8A2F425A105500075613B /* Assets.xcassets */ = {isa = PBXFileReference; lastKnownFileType = folder.assetcatalog; path = Assets.xcassets; sourceTree = "<group>"; };
		CDC8A2F725A105500075613B /* Base */ = {isa = PBXFileReference; lastKnownFileType = file.storyboard; name = Base; path = Base.lproj/LaunchScreen.storyboard; sourceTree = "<group>"; };
		CDC8A2F925A105500075613B /* Info.plist */ = {isa = PBXFileReference; lastKnownFileType = text.plist.xml; path = Info.plist; sourceTree = "<group>"; };
		CDC8A2FE25A105510075613B /* PreWorkTests.xctest */ = {isa = PBXFileReference; explicitFileType = wrapper.cfbundle; includeInIndex = 0; path = PreWorkTests.xctest; sourceTree = BUILT_PRODUCTS_DIR; };
		CDC8A30225A105510075613B /* PreWorkTests.swift */ = {isa = PBXFileReference; lastKnownFileType = sourcecode.swift; path = PreWorkTests.swift; sourceTree = "<group>"; };
		CDC8A30425A105510075613B /* Info.plist */ = {isa = PBXFileReference; lastKnownFileType = text.plist.xml; path = Info.plist; sourceTree = "<group>"; };
		CDC8A30925A105510075613B /* PreWorkUITests.xctest */ = {isa = PBXFileReference; explicitFileType = wrapper.cfbundle; includeInIndex = 0; path = PreWorkUITests.xctest; sourceTree = BUILT_PRODUCTS_DIR; };
		CDC8A30D25A105510075613B /* PreWorkUITests.swift */ = {isa = PBXFileReference; lastKnownFileType = sourcecode.swift; path = PreWorkUITests.swift; sourceTree = "<group>"; };
		CDC8A30F25A105510075613B /* Info.plist */ = {isa = PBXFileReference; lastKnownFileType = text.plist.xml; path = Info.plist; sourceTree = "<group>"; };
/* End PBXFileReference section */

/* Begin PBXFrameworksBuildPhase section */
		CDC8A2E525A1054F0075613B /* Frameworks */ = {
			isa = PBXFrameworksBuildPhase;
			buildActionMask = 2147483647;
			files = (
			);
			runOnlyForDeploymentPostprocessing = 0;
		};
		CDC8A2FB25A105510075613B /* Frameworks */ = {
			isa = PBXFrameworksBuildPhase;
			buildActionMask = 2147483647;
			files = (
			);
			runOnlyForDeploymentPostprocessing = 0;
		};
		CDC8A30625A105510075613B /* Frameworks */ = {
			isa = PBXFrameworksBuildPhase;
			buildActionMask = 2147483647;
			files = (
			);
			runOnlyForDeploymentPostprocessing = 0;
		};
/* End PBXFrameworksBuildPhase section */

/* Begin PBXGroup section */
		CDC8A2DF25A1054F0075613B = {
			isa = PBXGroup;
			children = (
				CDC8A2EA25A1054F0075613B /* PreWork */,
				CDC8A30125A105510075613B /* PreWorkTests */,
				CDC8A30C25A105510075613B /* PreWorkUITests */,
				CDC8A2E925A1054F0075613B /* Products */,
			);
			sourceTree = "<group>";
		};
		CDC8A2E925A1054F0075613B /* Products */ = {
			isa = PBXGroup;
			children = (
				CDC8A2E825A1054F0075613B /* PreWork.app */,
				CDC8A2FE25A105510075613B /* PreWorkTests.xctest */,
				CDC8A30925A105510075613B /* PreWorkUITests.xctest */,
			);
			name = Products;
			sourceTree = "<group>";
		};
		CDC8A2EA25A1054F0075613B /* PreWork */ = {
			isa = PBXGroup;
			children = (
				CDC8A2EB25A1054F0075613B /* AppDelegate.swift */,
				CDC8A2ED25A1054F0075613B /* SceneDelegate.swift */,
				CDC8A2EF25A1054F0075613B /* ViewController.swift */,
				CDC8A2F125A1054F0075613B /* Main.storyboard */,
				CDC8A2F425A105500075613B /* Assets.xcassets */,
				CDC8A2F625A105500075613B /* LaunchScreen.storyboard */,
				CDC8A2F925A105500075613B /* Info.plist */,
			);
			path = PreWork;
			sourceTree = "<group>";
		};
		CDC8A30125A105510075613B /* PreWorkTests */ = {
			isa = PBXGroup;
			children = (
				CDC8A30225A105510075613B /* PreWorkTests.swift */,
				CDC8A30425A105510075613B /* Info.plist */,
			);
			path = PreWorkTests;
			sourceTree = "<group>";
		};
		CDC8A30C25A105510075613B /* PreWorkUITests */ = {
			isa = PBXGroup;
			children = (
				CDC8A30D25A105510075613B /* PreWorkUITests.swift */,
				CDC8A30F25A105510075613B /* Info.plist */,
			);
			path = PreWorkUITests;
			sourceTree = "<group>";
		};
/* End PBXGroup section */

/* Begin PBXNativeTarget section */
		CDC8A2E725A1054F0075613B /* PreWork */ = {
			isa = PBXNativeTarget;
			buildConfigurationList = CDC8A31225A105510075613B /* Build configuration list for PBXNativeTarget "PreWork" */;
			buildPhases = (
				CDC8A2E425A1054F0075613B /* Sources */,
				CDC8A2E525A1054F0075613B /* Frameworks */,
				CDC8A2E625A1054F0075613B /* Resources */,
			);
			buildRules = (
			);
			dependencies = (
			);
			name = PreWork;
			productName = PreWork;
			productReference = CDC8A2E825A1054F0075613B /* PreWork.app */;
			productType = "com.apple.product-type.application";
		};
		CDC8A2FD25A105510075613B /* PreWorkTests */ = {
			isa = PBXNativeTarget;
			buildConfigurationList = CDC8A31525A105510075613B /* Build configuration list for PBXNativeTarget "PreWorkTests" */;
			buildPhases = (
				CDC8A2FA25A105510075613B /* Sources */,
				CDC8A2FB25A105510075613B /* Frameworks */,
				CDC8A2FC25A105510075613B /* Resources */,
			);
			buildRules = (
			);
			dependencies = (
				CDC8A30025A105510075613B /* PBXTargetDependency */,
			);
			name = PreWorkTests;
			productName = PreWorkTests;
			productReference = CDC8A2FE25A105510075613B /* PreWorkTests.xctest */;
			productType = "com.apple.product-type.bundle.unit-test";
		};
		CDC8A30825A105510075613B /* PreWorkUITests */ = {
			isa = PBXNativeTarget;
			buildConfigurationList = CDC8A31825A105510075613B /* Build configuration list for PBXNativeTarget "PreWorkUITests" */;
			buildPhases = (
				CDC8A30525A105510075613B /* Sources */,
				CDC8A30625A105510075613B /* Frameworks */,
				CDC8A30725A105510075613B /* Resources */,
			);
			buildRules = (
			);
			dependencies = (
				CDC8A30B25A105510075613B /* PBXTargetDependency */,
			);
			name = PreWorkUITests;
			productName = PreWorkUITests;
			productReference = CDC8A30925A105510075613B /* PreWorkUITests.xctest */;
			productType = "com.apple.product-type.bundle.ui-testing";
		};
/* End PBXNativeTarget section */

/* Begin PBXProject section */
		CDC8A2E025A1054F0075613B /* Project object */ = {
			isa = PBXProject;
			attributes = {
				LastSwiftUpdateCheck = 1230;
				LastUpgradeCheck = 1230;
				TargetAttributes = {
					CDC8A2E725A1054F0075613B = {
						CreatedOnToolsVersion = 12.3;
					};
					CDC8A2FD25A105510075613B = {
						CreatedOnToolsVersion = 12.3;
						TestTargetID = CDC8A2E725A1054F0075613B;
					};
					CDC8A30825A105510075613B = {
						CreatedOnToolsVersion = 12.3;
						TestTargetID = CDC8A2E725A1054F0075613B;
					};
				};
			};
			buildConfigurationList = CDC8A2E325A1054F0075613B /* Build configuration list for PBXProject "PreWork" */;
			compatibilityVersion = "Xcode 9.3";
			developmentRegion = en;
			hasScannedForEncodings = 0;
			knownRegions = (
				en,
				Base,
			);
			mainGroup = CDC8A2DF25A1054F0075613B;
			productRefGroup = CDC8A2E925A1054F0075613B /* Products */;
			projectDirPath = "";
			projectRoot = "";
			targets = (
				CDC8A2E725A1054F0075613B /* PreWork */,
				CDC8A2FD25A105510075613B /* PreWorkTests */,
				CDC8A30825A105510075613B /* PreWorkUITests */,
			);
		};
/* End PBXProject section */

/* Begin PBXResourcesBuildPhase section */
		CDC8A2E625A1054F0075613B /* Resources */ = {
			isa = PBXResourcesBuildPhase;
			buildActionMask = 2147483647;
			files = (
				CDC8A2F825A105500075613B /* LaunchScreen.storyboard in Resources */,
				CDC8A2F525A105500075613B /* Assets.xcassets in Resources */,
				CDC8A2F325A1054F0075613B /* Main.storyboard in Resources */,
			);
			runOnlyForDeploymentPostprocessing = 0;
		};
		CDC8A2FC25A105510075613B /* Resources */ = {
			isa = PBXResourcesBuildPhase;
			buildActionMask = 2147483647;
			files = (
			);
			runOnlyForDeploymentPostprocessing = 0;
		};
		CDC8A30725A105510075613B /* Resources */ = {
			isa = PBXResourcesBuildPhase;
			buildActionMask = 2147483647;
			files = (
			);
			runOnlyForDeploymentPostprocessing = 0;
		};
/* End PBXResourcesBuildPhase section */

/* Begin PBXSourcesBuildPhase section */
		CDC8A2E425A1054F0075613B /* Sources */ = {
			isa = PBXSourcesBuildPhase;
			buildActionMask = 2147483647;
			files = (
				CDC8A2F025A1054F0075613B /* ViewController.swift in Sources */,
				CDC8A2EC25A1054F0075613B /* AppDelegate.swift in Sources */,
				CDC8A2EE25A1054F0075613B /* SceneDelegate.swift in Sources */,
			);
			runOnlyForDeploymentPostprocessing = 0;
		};
		CDC8A2FA25A105510075613B /* Sources */ = {
			isa = PBXSourcesBuildPhase;
			buildActionMask = 2147483647;
			files = (
				CDC8A30325A105510075613B /* PreWorkTests.swift in Sources */,
			);
			runOnlyForDeploymentPostprocessing = 0;
		};
		CDC8A30525A105510075613B /* Sources */ = {
			isa = PBXSourcesBuildPhase;
			buildActionMask = 2147483647;
			files = (
				CDC8A30E25A105510075613B /* PreWorkUITests.swift in Sources */,
			);
			runOnlyForDeploymentPostprocessing = 0;
		};
/* End PBXSourcesBuildPhase section */

/* Begin PBXTargetDependency section */
		CDC8A30025A105510075613B /* PBXTargetDependency */ = {
			isa = PBXTargetDependency;
			target = CDC8A2E725A1054F0075613B /* PreWork */;
			targetProxy = CDC8A2FF25A105510075613B /* PBXContainerItemProxy */;
		};
		CDC8A30B25A105510075613B /* PBXTargetDependency */ = {
			isa = PBXTargetDependency;
			target = CDC8A2E725A1054F0075613B /* PreWork */;
			targetProxy = CDC8A30A25A105510075613B /* PBXContainerItemProxy */;
		};
/* End PBXTargetDependency section */

/* Begin PBXVariantGroup section */
		CDC8A2F125A1054F0075613B /* Main.storyboard */ = {
			isa = PBXVariantGroup;
			children = (
				CDC8A2F225A1054F0075613B /* Base */,
			);
			name = Main.storyboard;
			sourceTree = "<group>";
		};
		CDC8A2F625A105500075613B /* LaunchScreen.storyboard */ = {
			isa = PBXVariantGroup;
			children = (
				CDC8A2F725A105500075613B /* Base */,
			);
			name = LaunchScreen.storyboard;
			sourceTree = "<group>";
		};
/* End PBXVariantGroup section */

/* Begin XCBuildConfiguration section */
		CDC8A31025A105510075613B /* Debug */ = {
			isa = XCBuildConfiguration;
			buildSettings = {
				ALWAYS_SEARCH_USER_PATHS = NO;
				CLANG_ANALYZER_NONNULL = YES;
				CLANG_ANALYZER_NUMBER_OBJECT_CONVERSION = YES_AGGRESSIVE;
				CLANG_CXX_LANGUAGE_STANDARD = "gnu++14";
				CLANG_CXX_LIBRARY = "libc++";
				CLANG_ENABLE_MODULES = YES;
				CLANG_ENABLE_OBJC_ARC = YES;
				CLANG_ENABLE_OBJC_WEAK = YES;
				CLANG_WARN_BLOCK_CAPTURE_AUTORELEASING = YES;
				CLANG_WARN_BOOL_CONVERSION = YES;
				CLANG_WARN_COMMA = YES;
				CLANG_WARN_CONSTANT_CONVERSION = YES;
				CLANG_WARN_DEPRECATED_OBJC_IMPLEMENTATIONS = YES;
				CLANG_WARN_DIRECT_OBJC_ISA_USAGE = YES_ERROR;
				CLANG_WARN_DOCUMENTATION_COMMENTS = YES;
				CLANG_WARN_EMPTY_BODY = YES;
				CLANG_WARN_ENUM_CONVERSION = YES;
				CLANG_WARN_INFINITE_RECURSION = YES;
				CLANG_WARN_INT_CONVERSION = YES;
				CLANG_WARN_NON_LITERAL_NULL_CONVERSION = YES;
				CLANG_WARN_OBJC_IMPLICIT_RETAIN_SELF = YES;
				CLANG_WARN_OBJC_LITERAL_CONVERSION = YES;
				CLANG_WARN_OBJC_ROOT_CLASS = YES_ERROR;
				CLANG_WARN_QUOTED_INCLUDE_IN_FRAMEWORK_HEADER = YES;
				CLANG_WARN_RANGE_LOOP_ANALYSIS = YES;
				CLANG_WARN_STRICT_PROTOTYPES = YES;
				CLANG_WARN_SUSPICIOUS_MOVE = YES;
				CLANG_WARN_UNGUARDED_AVAILABILITY = YES_AGGRESSIVE;
				CLANG_WARN_UNREACHABLE_CODE = YES;
				CLANG_WARN__DUPLICATE_METHOD_MATCH = YES;
				COPY_PHASE_STRIP = NO;
				DEBUG_INFORMATION_FORMAT = dwarf;
				ENABLE_STRICT_OBJC_MSGSEND = YES;
				ENABLE_TESTABILITY = YES;
				GCC_C_LANGUAGE_STANDARD = gnu11;
				GCC_DYNAMIC_NO_PIC = NO;
				GCC_NO_COMMON_BLOCKS = YES;
				GCC_OPTIMIZATION_LEVEL = 0;
				GCC_PREPROCESSOR_DEFINITIONS = (
					"DEBUG=1",
					"$(inherited)",
				);
				GCC_WARN_64_TO_32_BIT_CONVERSION = YES;
				GCC_WARN_ABOUT_RETURN_TYPE = YES_ERROR;
				GCC_WARN_UNDECLARED_SELECTOR = YES;
				GCC_WARN_UNINITIALIZED_AUTOS = YES_AGGRESSIVE;
				GCC_WARN_UNUSED_FUNCTION = YES;
				GCC_WARN_UNUSED_VARIABLE = YES;
				IPHONEOS_DEPLOYMENT_TARGET = 14.3;
				MTL_ENABLE_DEBUG_INFO = INCLUDE_SOURCE;
				MTL_FAST_MATH = YES;
				ONLY_ACTIVE_ARCH = YES;
				SDKROOT = iphoneos;
				SWIFT_ACTIVE_COMPILATION_CONDITIONS = DEBUG;
				SWIFT_OPTIMIZATION_LEVEL = "-Onone";
			};
			name = Debug;
		};
		CDC8A31125A105510075613B /* Release */ = {
			isa = XCBuildConfiguration;
			buildSettings = {
				ALWAYS_SEARCH_USER_PATHS = NO;
				CLANG_ANALYZER_NONNULL = YES;
				CLANG_ANALYZER_NUMBER_OBJECT_CONVERSION = YES_AGGRESSIVE;
				CLANG_CXX_LANGUAGE_STANDARD = "gnu++14";
				CLANG_CXX_LIBRARY = "libc++";
				CLANG_ENABLE_MODULES = YES;
				CLANG_ENABLE_OBJC_ARC = YES;
				CLANG_ENABLE_OBJC_WEAK = YES;
				CLANG_WARN_BLOCK_CAPTURE_AUTORELEASING = YES;
				CLANG_WARN_BOOL_CONVERSION = YES;
				CLANG_WARN_COMMA = YES;
				CLANG_WARN_CONSTANT_CONVERSION = YES;
				CLANG_WARN_DEPRECATED_OBJC_IMPLEMENTATIONS = YES;
				CLANG_WARN_DIRECT_OBJC_ISA_USAGE = YES_ERROR;
				CLANG_WARN_DOCUMENTATION_COMMENTS = YES;
				CLANG_WARN_EMPTY_BODY = YES;
				CLANG_WARN_ENUM_CONVERSION = YES;
				CLANG_WARN_INFINITE_RECURSION = YES;
				CLANG_WARN_INT_CONVERSION = YES;
				CLANG_WARN_NON_LITERAL_NULL_CONVERSION = YES;
				CLANG_WARN_OBJC_IMPLICIT_RETAIN_SELF = YES;
				CLANG_WARN_OBJC_LITERAL_CONVERSION = YES;
				CLANG_WARN_OBJC_ROOT_CLASS = YES_ERROR;
				CLANG_WARN_QUOTED_INCLUDE_IN_FRAMEWORK_HEADER = YES;
				CLANG_WARN_RANGE_LOOP_ANALYSIS = YES;
				CLANG_WARN_STRICT_PROTOTYPES = YES;
				CLANG_WARN_SUSPICIOUS_MOVE = YES;
				CLANG_WARN_UNGUARDED_AVAILABILITY = YES_AGGRESSIVE;
				CLANG_WARN_UNREACHABLE_CODE = YES;
				CLANG_WARN__DUPLICATE_METHOD_MATCH = YES;
				COPY_PHASE_STRIP = NO;
				DEBUG_INFORMATION_FORMAT = "dwarf-with-dsym";
				ENABLE_NS_ASSERTIONS = NO;
				ENABLE_STRICT_OBJC_MSGSEND = YES;
				GCC_C_LANGUAGE_STANDARD = gnu11;
				GCC_NO_COMMON_BLOCKS = YES;
				GCC_WARN_64_TO_32_BIT_CONVERSION = YES;
				GCC_WARN_ABOUT_RETURN_TYPE = YES_ERROR;
				GCC_WARN_UNDECLARED_SELECTOR = YES;
				GCC_WARN_UNINITIALIZED_AUTOS = YES_AGGRESSIVE;
				GCC_WARN_UNUSED_FUNCTION = YES;
				GCC_WARN_UNUSED_VARIABLE = YES;
				IPHONEOS_DEPLOYMENT_TARGET = 14.3;
				MTL_ENABLE_DEBUG_INFO = NO;
				MTL_FAST_MATH = YES;
				SDKROOT = iphoneos;
				SWIFT_COMPILATION_MODE = wholemodule;
				SWIFT_OPTIMIZATION_LEVEL = "-O";
				VALIDATE_PRODUCT = YES;
			};
			name = Release;
		};
		CDC8A31325A105510075613B /* Debug */ = {
			isa = XCBuildConfiguration;
			buildSettings = {
				ASSETCATALOG_COMPILER_APPICON_NAME = AppIcon;
				ASSETCATALOG_COMPILER_GLOBAL_ACCENT_COLOR_NAME = AccentColor;
				CODE_SIGN_STYLE = Automatic;
				INFOPLIST_FILE = PreWork/Info.plist;
				LD_RUNPATH_SEARCH_PATHS = (
					"$(inherited)",
					"@executable_path/Frameworks",
				);
				PRODUCT_BUNDLE_IDENTIFIER = ebudiono.PreWork;
				PRODUCT_NAME = "$(TARGET_NAME)";
				SWIFT_VERSION = 5.0;
				TARGETED_DEVICE_FAMILY = "1,2";
			};
			name = Debug;
		};
		CDC8A31425A105510075613B /* Release */ = {
			isa = XCBuildConfiguration;
			buildSettings = {
				ASSETCATALOG_COMPILER_APPICON_NAME = AppIcon;
				ASSETCATALOG_COMPILER_GLOBAL_ACCENT_COLOR_NAME = AccentColor;
				CODE_SIGN_STYLE = Automatic;
				INFOPLIST_FILE = PreWork/Info.plist;
				LD_RUNPATH_SEARCH_PATHS = (
					"$(inherited)",
					"@executable_path/Frameworks",
				);
				PRODUCT_BUNDLE_IDENTIFIER = ebudiono.PreWork;
				PRODUCT_NAME = "$(TARGET_NAME)";
				SWIFT_VERSION = 5.0;
				TARGETED_DEVICE_FAMILY = "1,2";
			};
			name = Release;
		};
		CDC8A31625A105510075613B /* Debug */ = {
			isa = XCBuildConfiguration;
			buildSettings = {
				ALWAYS_EMBED_SWIFT_STANDARD_LIBRARIES = YES;
				BUNDLE_LOADER = "$(TEST_HOST)";
				CODE_SIGN_STYLE = Automatic;
				INFOPLIST_FILE = PreWorkTests/Info.plist;
				IPHONEOS_DEPLOYMENT_TARGET = 14.3;
				LD_RUNPATH_SEARCH_PATHS = (
					"$(inherited)",
					"@executable_path/Frameworks",
					"@loader_path/Frameworks",
				);
				PRODUCT_BUNDLE_IDENTIFIER = ebudiono.PreWorkTests;
				PRODUCT_NAME = "$(TARGET_NAME)";
				SWIFT_VERSION = 5.0;
				TARGETED_DEVICE_FAMILY = "1,2";
				TEST_HOST = "$(BUILT_PRODUCTS_DIR)/PreWork.app/PreWork";
			};
			name = Debug;
		};
		CDC8A31725A105510075613B /* Release */ = {
			isa = XCBuildConfiguration;
			buildSettings = {
				ALWAYS_EMBED_SWIFT_STANDARD_LIBRARIES = YES;
				BUNDLE_LOADER = "$(TEST_HOST)";
				CODE_SIGN_STYLE = Automatic;
				INFOPLIST_FILE = PreWorkTests/Info.plist;
				IPHONEOS_DEPLOYMENT_TARGET = 14.3;
				LD_RUNPATH_SEARCH_PATHS = (
					"$(inherited)",
					"@executable_path/Frameworks",
					"@loader_path/Frameworks",
				);
				PRODUCT_BUNDLE_IDENTIFIER = ebudiono.PreWorkTests;
				PRODUCT_NAME = "$(TARGET_NAME)";
				SWIFT_VERSION = 5.0;
				TARGETED_DEVICE_FAMILY = "1,2";
				TEST_HOST = "$(BUILT_PRODUCTS_DIR)/PreWork.app/PreWork";
			};
			name = Release;
		};
		CDC8A31925A105510075613B /* Debug */ = {
			isa = XCBuildConfiguration;
			buildSettings = {
				ALWAYS_EMBED_SWIFT_STANDARD_LIBRARIES = YES;
				CODE_SIGN_STYLE = Automatic;
				INFOPLIST_FILE = PreWorkUITests/Info.plist;
				LD_RUNPATH_SEARCH_PATHS = (
					"$(inherited)",
					"@executable_path/Frameworks",
					"@loader_path/Frameworks",
				);
				PRODUCT_BUNDLE_IDENTIFIER = ebudiono.PreWorkUITests;
				PRODUCT_NAME = "$(TARGET_NAME)";
				SWIFT_VERSION = 5.0;
				TARGETED_DEVICE_FAMILY = "1,2";
				TEST_TARGET_NAME = PreWork;
			};
			name = Debug;
		};
		CDC8A31A25A105510075613B /* Release */ = {
			isa = XCBuildConfiguration;
			buildSettings = {
				ALWAYS_EMBED_SWIFT_STANDARD_LIBRARIES = YES;
				CODE_SIGN_STYLE = Automatic;
				INFOPLIST_FILE = PreWorkUITests/Info.plist;
				LD_RUNPATH_SEARCH_PATHS = (
					"$(inherited)",
					"@executable_path/Frameworks",
					"@loader_path/Frameworks",
				);
				PRODUCT_BUNDLE_IDENTIFIER = ebudiono.PreWorkUITests;
				PRODUCT_NAME = "$(TARGET_NAME)";
				SWIFT_VERSION = 5.0;
				TARGETED_DEVICE_FAMILY = "1,2";
				TEST_TARGET_NAME = PreWork;
			};
			name = Release;
		};
/* End XCBuildConfiguration section */

/* Begin XCConfigurationList section */
		CDC8A2E325A1054F0075613B /* Build configuration list for PBXProject "PreWork" */ = {
			isa = XCConfigurationList;
			buildConfigurations = (
				CDC8A31025A105510075613B /* Debug */,
				CDC8A31125A105510075613B /* Release */,
			);
			defaultConfigurationIsVisible = 0;
			defaultConfigurationName = Release;
		};
		CDC8A31225A105510075613B /* Build configuration list for PBXNativeTarget "PreWork" */ = {
			isa = XCConfigurationList;
			buildConfigurations = (
				CDC8A31325A105510075613B /* Debug */,
				CDC8A31425A105510075613B /* Release */,
			);
			defaultConfigurationIsVisible = 0;
			defaultConfigurationName = Release;
		};
		CDC8A31525A105510075613B /* Build configuration list for PBXNativeTarget "PreWorkTests" */ = {
			isa = XCConfigurationList;
			buildConfigurations = (
				CDC8A31625A105510075613B /* Debug */,
				CDC8A31725A105510075613B /* Release */,
			);
			defaultConfigurationIsVisible = 0;
			defaultConfigurationName = Release;
		};
		CDC8A31825A105510075613B /* Build configuration list for PBXNativeTarget "PreWorkUITests" */ = {
			isa = XCConfigurationList;
			buildConfigurations = (
				CDC8A31925A105510075613B /* Debug */,
				CDC8A31A25A105510075613B /* Release */,
			);
			defaultConfigurationIsVisible = 0;
			defaultConfigurationName = Release;
		};
/* End XCConfigurationList section */
	};
	rootObject = CDC8A2E025A1054F0075613B /* Project object */;
}
